{
  "name": "bad-a11y",
  "version": "1.0.0",
  "lockfileVersion": 3,
  "requires": true,
  "packages": {
    "": {
      "name": "bad-a11y",
      "version": "1.0.0",
      "license": "ISC",
      "devDependencies": {
        "prettier-es5": "^0.0.4"
      }
    },
    "node_modules/prettier-es5": {
      "version": "0.0.4",
      "resolved": "https://registry.npmjs.org/prettier-es5/-/prettier-es5-0.0.4.tgz",
      "integrity": "sha512-DbpOzEA1XUKjBa04G71izz5CmGnlKzUi8+T5ZXVPPmRyfxDemtzQC14GYIg0G9IIeBgXul/VdM94DLfkJMfUNA==",
      "dev": true,
      "license": "MIT"
    }
  }
}
